// !$*UTF8*$!
{
	archiveVersion = 1;
	classes = {
	};
	objectVersion = 45;
	objects = {

/* Begin PBXBuildFile section */
		E918E3E61305AAB10080ED5C /* MMaths.h in Headers */ = {isa = PBXBuildFile; fileRef = E918E3C11305AAB10080ED5C /* MMaths.h */; };
		E918E3E71305AAB10080ED5C /* MColor.h in Headers */ = {isa = PBXBuildFile; fileRef = E918E3C21305AAB10080ED5C /* MColor.h */; };
		E918E3E81305AAB10080ED5C /* MImage.h in Headers */ = {isa = PBXBuildFile; fileRef = E918E3C31305AAB10080ED5C /* MImage.h */; };
		E918E3EA1305AAB10080ED5C /* MVector2.h in Headers */ = {isa = PBXBuildFile; fileRef = E918E3C51305AAB10080ED5C /* MVector2.h */; };
		E918E3EB1305AAB10080ED5C /* MVector3.h in Headers */ = {isa = PBXBuildFile; fileRef = E918E3C61305AAB10080ED5C /* MVector3.h */; };
		E918E3EC1305AAB10080ED5C /* MQuaternion.h in Headers */ = {isa = PBXBuildFile; fileRef = E918E3C71305AAB10080ED5C /* MQuaternion.h */; };
		E918E3ED1305AAB10080ED5C /* MVector4.h in Headers */ = {isa = PBXBuildFile; fileRef = E918E3C81305AAB10080ED5C /* MVector4.h */; };
		E918E3EE1305AAB10080ED5C /* MStringTools.h in Headers */ = {isa = PBXBuildFile; fileRef = E918E3C91305AAB10080ED5C /* MStringTools.h */; };
		E918E3EF1305AAB10080ED5C /* MPhysicsContext.h in Headers */ = {isa = PBXBuildFile; fileRef = E918E3CA1305AAB10080ED5C /* MPhysicsContext.h */; };
		E918E3F01305AAB10080ED5C /* MCore.h in Headers */ = {isa = PBXBuildFile; fileRef = E918E3CB1305AAB10080ED5C /* MCore.h */; };
		E918E3F11305AAB10080ED5C /* MSound.h in Headers */ = {isa = PBXBuildFile; fileRef = E918E3CC1305AAB10080ED5C /* MSound.h */; };
		E918E3F21305AAB10080ED5C /* MSystemContext.h in Headers */ = {isa = PBXBuildFile; fileRef = E918E3CD1305AAB10080ED5C /* MSystemContext.h */; };
		E918E3F31305AAB10080ED5C /* MSoundContext.h in Headers */ = {isa = PBXBuildFile; fileRef = E918E3CE1305AAB10080ED5C /* MSoundContext.h */; };
		E918E3F41305AAB10080ED5C /* MDataLoader.h in Headers */ = {isa = PBXBuildFile; fileRef = E918E3CF1305AAB10080ED5C /* MDataLoader.h */; };
		E918E3F51305AAB10080ED5C /* MFileTools.h in Headers */ = {isa = PBXBuildFile; fileRef = E918E3D01305AAB10080ED5C /* MFileTools.h */; };
		E918E3F61305AAB10080ED5C /* MUtils.h in Headers */ = {isa = PBXBuildFile; fileRef = E918E3D11305AAB10080ED5C /* MUtils.h */; };
		E918E3F71305AAB10080ED5C /* MMatrix4x4.h in Headers */ = {isa = PBXBuildFile; fileRef = E918E3D21305AAB10080ED5C /* MMatrix4x4.h */; };
		E918E3F81305AAB10080ED5C /* MInputContext.h in Headers */ = {isa = PBXBuildFile; fileRef = E918E3D31305AAB10080ED5C /* MInputContext.h */; };
		E918E3F91305AAB10080ED5C /* MDataManager.h in Headers */ = {isa = PBXBuildFile; fileRef = E918E3D41305AAB10080ED5C /* MDataManager.h */; };
		E918E3FA1305AAB10080ED5C /* MString.h in Headers */ = {isa = PBXBuildFile; fileRef = E918E3D51305AAB10080ED5C /* MString.h */; };
		E918E3FB1305AAB10080ED5C /* MScriptContext.h in Headers */ = {isa = PBXBuildFile; fileRef = E918E3D61305AAB10080ED5C /* MScriptContext.h */; };
		E918E3FC1305AAB10080ED5C /* MImage.cpp in Sources */ = {isa = PBXBuildFile; fileRef = E918E3D81305AAB10080ED5C /* MImage.cpp */; };
		E918E3FD1305AAB10080ED5C /* MDataManager.cpp in Sources */ = {isa = PBXBuildFile; fileRef = E918E3D91305AAB10080ED5C /* MDataManager.cpp */; };
		E918E3FE1305AAB10080ED5C /* MMatrix4x4.cpp in Sources */ = {isa = PBXBuildFile; fileRef = E918E3DA1305AAB10080ED5C /* MMatrix4x4.cpp */; };
		E918E3FF1305AAB10080ED5C /* MVector2.cpp in Sources */ = {isa = PBXBuildFile; fileRef = E918E3DB1305AAB10080ED5C /* MVector2.cpp */; };
		E918E4001305AAB10080ED5C /* MQuaternion.cpp in Sources */ = {isa = PBXBuildFile; fileRef = E918E3DC1305AAB10080ED5C /* MQuaternion.cpp */; };
		E918E4011305AAB10080ED5C /* MVector3.cpp in Sources */ = {isa = PBXBuildFile; fileRef = E918E3DD1305AAB10080ED5C /* MVector3.cpp */; };
		E918E4021305AAB10080ED5C /* MString.cpp in Sources */ = {isa = PBXBuildFile; fileRef = E918E3DE1305AAB10080ED5C /* MString.cpp */; };
		E918E4031305AAB10080ED5C /* MVector4.cpp in Sources */ = {isa = PBXBuildFile; fileRef = E918E3DF1305AAB10080ED5C /* MVector4.cpp */; };
		E918E4041305AAB10080ED5C /* MStringTools.cpp in Sources */ = {isa = PBXBuildFile; fileRef = E918E3E01305AAB10080ED5C /* MStringTools.cpp */; };
		E918E4051305AAB10080ED5C /* MSound.cpp in Sources */ = {isa = PBXBuildFile; fileRef = E918E3E11305AAB10080ED5C /* MSound.cpp */; };
		E918E4061305AAB10080ED5C /* MMaths.cpp in Sources */ = {isa = PBXBuildFile; fileRef = E918E3E21305AAB10080ED5C /* MMaths.cpp */; };
		E918E4071305AAB10080ED5C /* MColor.cpp in Sources */ = {isa = PBXBuildFile; fileRef = E918E3E31305AAB10080ED5C /* MColor.cpp */; };
		E918E4081305AAB10080ED5C /* MDataLoader.cpp in Sources */ = {isa = PBXBuildFile; fileRef = E918E3E41305AAB10080ED5C /* MDataLoader.cpp */; };
		E918E4091305AAB10080ED5C /* MFileTools.cpp in Sources */ = {isa = PBXBuildFile; fileRef = E918E3E51305AAB10080ED5C /* MFileTools.cpp */; };
		E926627E14C9B12500348B31 /* MFile.h in Headers */ = {isa = PBXBuildFile; fileRef = E926627D14C9B12500348B31 /* MFile.h */; };
		E926628114C9B13400348B31 /* MRenderingContext.h in Headers */ = {isa = PBXBuildFile; fileRef = E926628014C9B13400348B31 /* MRenderingContext.h */; };
		E926632A14C9C86F00348B31 /* MStdFile.h in Headers */ = {isa = PBXBuildFile; fileRef = E926632914C9C86F00348B31 /* MStdFile.h */; };
		E926632C14C9C87900348B31 /* MStdFile.cpp in Sources */ = {isa = PBXBuildFile; fileRef = E926632B14C9C87900348B31 /* MStdFile.cpp */; };
/* End PBXBuildFile section */

/* Begin PBXFileReference section */
		D2AAC09D05546B4700DB518D /* MCore.dylib */ = {isa = PBXFileReference; explicitFileType = "compiled.mach-o.dylib"; includeInIndex = 0; path = MCore.dylib; sourceTree = BUILT_PRODUCTS_DIR; };
		E918E3C11305AAB10080ED5C /* MMaths.h */ = {isa = PBXFileReference; fileEncoding = 4; lastKnownFileType = sourcecode.c.h; name = MMaths.h; path = ../../MSDK/MCore/Includes/MMaths.h; sourceTree = SOURCE_ROOT; };
		E918E3C21305AAB10080ED5C /* MColor.h */ = {isa = PBXFileReference; fileEncoding = 4; lastKnownFileType = sourcecode.c.h; name = MColor.h; path = ../../MSDK/MCore/Includes/MColor.h; sourceTree = SOURCE_ROOT; };
		E918E3C31305AAB10080ED5C /* MImage.h */ = {isa = PBXFileReference; fileEncoding = 4; lastKnownFileType = sourcecode.c.h; name = MImage.h; path = ../../MSDK/MCore/Includes/MImage.h; sourceTree = SOURCE_ROOT; };
		E918E3C51305AAB10080ED5C /* MVector2.h */ = {isa = PBXFileReference; fileEncoding = 4; lastKnownFileType = sourcecode.c.h; name = MVector2.h; path = ../../MSDK/MCore/Includes/MVector2.h; sourceTree = SOURCE_ROOT; };
		E918E3C61305AAB10080ED5C /* MVector3.h */ = {isa = PBXFileReference; fileEncoding = 4; lastKnownFileType = sourcecode.c.h; name = MVector3.h; path = ../../MSDK/MCore/Includes/MVector3.h; sourceTree = SOURCE_ROOT; };
		E918E3C71305AAB10080ED5C /* MQuaternion.h */ = {isa = PBXFileReference; fileEncoding = 4; lastKnownFileType = sourcecode.c.h; name = MQuaternion.h; path = ../../MSDK/MCore/Includes/MQuaternion.h; sourceTree = SOURCE_ROOT; };
		E918E3C81305AAB10080ED5C /* MVector4.h */ = {isa = PBXFileReference; fileEncoding = 4; lastKnownFileType = sourcecode.c.h; name = MVector4.h; path = ../../MSDK/MCore/Includes/MVector4.h; sourceTree = SOURCE_ROOT; };
		E918E3C91305AAB10080ED5C /* MStringTools.h */ = {isa = PBXFileReference; fileEncoding = 4; lastKnownFileType = sourcecode.c.h; name = MStringTools.h; path = ../../MSDK/MCore/Includes/MStringTools.h; sourceTree = SOURCE_ROOT; };
		E918E3CA1305AAB10080ED5C /* MPhysicsContext.h */ = {isa = PBXFileReference; fileEncoding = 4; lastKnownFileType = sourcecode.c.h; name = MPhysicsContext.h; path = ../../MSDK/MCore/Includes/MPhysicsContext.h; sourceTree = SOURCE_ROOT; };
		E918E3CB1305AAB10080ED5C /* MCore.h */ = {isa = PBXFileReference; fileEncoding = 4; lastKnownFileType = sourcecode.c.h; name = MCore.h; path = ../../MSDK/MCore/Includes/MCore.h; sourceTree = SOURCE_ROOT; };
		E918E3CC1305AAB10080ED5C /* MSound.h */ = {isa = PBXFileReference; fileEncoding = 4; lastKnownFileType = sourcecode.c.h; name = MSound.h; path = ../../MSDK/MCore/Includes/MSound.h; sourceTree = SOURCE_ROOT; };
		E918E3CD1305AAB10080ED5C /* MSystemContext.h */ = {isa = PBXFileReference; fileEncoding = 4; lastKnownFileType = sourcecode.c.h; name = MSystemContext.h; path = ../../MSDK/MCore/Includes/MSystemContext.h; sourceTree = SOURCE_ROOT; };
		E918E3CE1305AAB10080ED5C /* MSoundContext.h */ = {isa = PBXFileReference; fileEncoding = 4; lastKnownFileType = sourcecode.c.h; name = MSoundContext.h; path = ../../MSDK/MCore/Includes/MSoundContext.h; sourceTree = SOURCE_ROOT; };
		E918E3CF1305AAB10080ED5C /* MDataLoader.h */ = {isa = PBXFileReference; fileEncoding = 4; lastKnownFileType = sourcecode.c.h; name = MDataLoader.h; path = ../../MSDK/MCore/Includes/MDataLoader.h; sourceTree = SOURCE_ROOT; };
		E918E3D01305AAB10080ED5C /* MFileTools.h */ = {isa = PBXFileReference; fileEncoding = 4; lastKnownFileType = sourcecode.c.h; name = MFileTools.h; path = ../../MSDK/MCore/Includes/MFileTools.h; sourceTree = SOURCE_ROOT; };
		E918E3D11305AAB10080ED5C /* MUtils.h */ = {isa = PBXFileReference; fileEncoding = 4; lastKnownFileType = sourcecode.c.h; name = MUtils.h; path = ../../MSDK/MCore/Includes/MUtils.h; sourceTree = SOURCE_ROOT; };
		E918E3D21305AAB10080ED5C /* MMatrix4x4.h */ = {isa = PBXFileReference; fileEncoding = 4; lastKnownFileType = sourcecode.c.h; name = MMatrix4x4.h; path = ../../MSDK/MCore/Includes/MMatrix4x4.h; sourceTree = SOURCE_ROOT; };
		E918E3D31305AAB10080ED5C /* MInputContext.h */ = {isa = PBXFileReference; fileEncoding = 4; lastKnownFileType = sourcecode.c.h; name = MInputContext.h; path = ../../MSDK/MCore/Includes/MInputContext.h; sourceTree = SOURCE_ROOT; };
		E918E3D41305AAB10080ED5C /* MDataManager.h */ = {isa = PBXFileReference; fileEncoding = 4; lastKnownFileType = sourcecode.c.h; name = MDataManager.h; path = ../../MSDK/MCore/Includes/MDataManager.h; sourceTree = SOURCE_ROOT; };
		E918E3D51305AAB10080ED5C /* MString.h */ = {isa = PBXFileReference; fileEncoding = 4; lastKnownFileType = sourcecode.c.h; name = MString.h; path = ../../MSDK/MCore/Includes/MString.h; sourceTree = SOURCE_ROOT; };
		E918E3D61305AAB10080ED5C /* MScriptContext.h */ = {isa = PBXFileReference; fileEncoding = 4; lastKnownFileType = sourcecode.c.h; name = MScriptContext.h; path = ../../MSDK/MCore/Includes/MScriptContext.h; sourceTree = SOURCE_ROOT; };
		E918E3D81305AAB10080ED5C /* MImage.cpp */ = {isa = PBXFileReference; fileEncoding = 4; lastKnownFileType = sourcecode.cpp.cpp; name = MImage.cpp; path = ../../MSDK/MCore/Sources/MImage.cpp; sourceTree = SOURCE_ROOT; };
		E918E3D91305AAB10080ED5C /* MDataManager.cpp */ = {isa = PBXFileReference; fileEncoding = 4; lastKnownFileType = sourcecode.cpp.cpp; name = MDataManager.cpp; path = ../../MSDK/MCore/Sources/MDataManager.cpp; sourceTree = SOURCE_ROOT; };
		E918E3DA1305AAB10080ED5C /* MMatrix4x4.cpp */ = {isa = PBXFileReference; fileEncoding = 4; lastKnownFileType = sourcecode.cpp.cpp; name = MMatrix4x4.cpp; path = ../../MSDK/MCore/Sources/MMatrix4x4.cpp; sourceTree = SOURCE_ROOT; };
		E918E3DB1305AAB10080ED5C /* MVector2.cpp */ = {isa = PBXFileReference; fileEncoding = 4; lastKnownFileType = sourcecode.cpp.cpp; name = MVector2.cpp; path = ../../MSDK/MCore/Sources/MVector2.cpp; sourceTree = SOURCE_ROOT; };
		E918E3DC1305AAB10080ED5C /* MQuaternion.cpp */ = {isa = PBXFileReference; fileEncoding = 4; lastKnownFileType = sourcecode.cpp.cpp; name = MQuaternion.cpp; path = ../../MSDK/MCore/Sources/MQuaternion.cpp; sourceTree = SOURCE_ROOT; };
		E918E3DD1305AAB10080ED5C /* MVector3.cpp */ = {isa = PBXFileReference; fileEncoding = 4; lastKnownFileType = sourcecode.cpp.cpp; name = MVector3.cpp; path = ../../MSDK/MCore/Sources/MVector3.cpp; sourceTree = SOURCE_ROOT; };
		E918E3DE1305AAB10080ED5C /* MString.cpp */ = {isa = PBXFileReference; fileEncoding = 4; lastKnownFileType = sourcecode.cpp.cpp; name = MString.cpp; path = ../../MSDK/MCore/Sources/MString.cpp; sourceTree = SOURCE_ROOT; };
		E918E3DF1305AAB10080ED5C /* MVector4.cpp */ = {isa = PBXFileReference; fileEncoding = 4; lastKnownFileType = sourcecode.cpp.cpp; name = MVector4.cpp; path = ../../MSDK/MCore/Sources/MVector4.cpp; sourceTree = SOURCE_ROOT; };
		E918E3E01305AAB10080ED5C /* MStringTools.cpp */ = {isa = PBXFileReference; fileEncoding = 4; lastKnownFileType = sourcecode.cpp.cpp; name = MStringTools.cpp; path = ../../MSDK/MCore/Sources/MStringTools.cpp; sourceTree = SOURCE_ROOT; };
		E918E3E11305AAB10080ED5C /* MSound.cpp */ = {isa = PBXFileReference; fileEncoding = 4; lastKnownFileType = sourcecode.cpp.cpp; name = MSound.cpp; path = ../../MSDK/MCore/Sources/MSound.cpp; sourceTree = SOURCE_ROOT; };
		E918E3E21305AAB10080ED5C /* MMaths.cpp */ = {isa = PBXFileReference; fileEncoding = 4; lastKnownFileType = sourcecode.cpp.cpp; name = MMaths.cpp; path = ../../MSDK/MCore/Sources/MMaths.cpp; sourceTree = SOURCE_ROOT; };
		E918E3E31305AAB10080ED5C /* MColor.cpp */ = {isa = PBXFileReference; fileEncoding = 4; lastKnownFileType = sourcecode.cpp.cpp; name = MColor.cpp; path = ../../MSDK/MCore/Sources/MColor.cpp; sourceTree = SOURCE_ROOT; };
		E918E3E41305AAB10080ED5C /* MDataLoader.cpp */ = {isa = PBXFileReference; fileEncoding = 4; lastKnownFileType = sourcecode.cpp.cpp; name = MDataLoader.cpp; path = ../../MSDK/MCore/Sources/MDataLoader.cpp; sourceTree = SOURCE_ROOT; };
		E918E3E51305AAB10080ED5C /* MFileTools.cpp */ = {isa = PBXFileReference; fileEncoding = 4; lastKnownFileType = sourcecode.cpp.cpp; name = MFileTools.cpp; path = ../../MSDK/MCore/Sources/MFileTools.cpp; sourceTree = SOURCE_ROOT; };
		E926627D14C9B12500348B31 /* MFile.h */ = {isa = PBXFileReference; fileEncoding = 4; lastKnownFileType = sourcecode.c.h; name = MFile.h; path = ../../MSDK/MCore/Includes/MFile.h; sourceTree = SOURCE_ROOT; };
		E926628014C9B13400348B31 /* MRenderingContext.h */ = {isa = PBXFileReference; fileEncoding = 4; lastKnownFileType = sourcecode.c.h; name = MRenderingContext.h; path = ../../MSDK/MCore/Includes/MRenderingContext.h; sourceTree = SOURCE_ROOT; };
		E926632914C9C86F00348B31 /* MStdFile.h */ = {isa = PBXFileReference; fileEncoding = 4; lastKnownFileType = sourcecode.c.h; name = MStdFile.h; path = ../../MSDK/MCore/Includes/MStdFile.h; sourceTree = SOURCE_ROOT; };
		E926632B14C9C87900348B31 /* MStdFile.cpp */ = {isa = PBXFileReference; fileEncoding = 4; lastKnownFileType = sourcecode.cpp.cpp; name = MStdFile.cpp; path = ../../MSDK/MCore/Sources/MStdFile.cpp; sourceTree = SOURCE_ROOT; };
/* End PBXFileReference section */

/* Begin PBXFrameworksBuildPhase section */
		D2AAC09B05546B4700DB518D /* Frameworks */ = {
			isa = PBXFrameworksBuildPhase;
			buildActionMask = 2147483647;
			files = (
			);
			runOnlyForDeploymentPostprocessing = 0;
		};
/* End PBXFrameworksBuildPhase section */

/* Begin PBXGroup section */
		034768DDFF38A45A11DB9C8B /* Products */ = {
			isa = PBXGroup;
			children = (
				D2AAC09D05546B4700DB518D /* MCore.dylib */,
			);
			name = Products;
			sourceTree = "<group>";
		};
		0867D691FE84028FC02AAC07 /* MCore */ = {
			isa = PBXGroup;
			children = (
				08FB77ACFE841707C02AAC07 /* Source */,
				0867D69AFE84028FC02AAC07 /* External Frameworks and Libraries */,
				034768DDFF38A45A11DB9C8B /* Products */,
			);
			name = MCore;
			sourceTree = "<group>";
		};
		0867D69AFE84028FC02AAC07 /* External Frameworks and Libraries */ = {
			isa = PBXGroup;
			children = (
			);
			name = "External Frameworks and Libraries";
			sourceTree = "<group>";
		};
		08FB77ACFE841707C02AAC07 /* Source */ = {
			isa = PBXGroup;
			children = (
				E918E3C01305AAB10080ED5C /* Includes */,
				E918E3D71305AAB10080ED5C /* Sources */,
			);
			name = Source;
			sourceTree = "<group>";
		};
		E918E3C01305AAB10080ED5C /* Includes */ = {
			isa = PBXGroup;
			children = (
				E926632914C9C86F00348B31 /* MStdFile.h */,
				E926628014C9B13400348B31 /* MRenderingContext.h */,
				E926627D14C9B12500348B31 /* MFile.h */,
				E918E3C11305AAB10080ED5C /* MMaths.h */,
				E918E3C21305AAB10080ED5C /* MColor.h */,
				E918E3C31305AAB10080ED5C /* MImage.h */,
				E918E3C51305AAB10080ED5C /* MVector2.h */,
				E918E3C61305AAB10080ED5C /* MVector3.h */,
				E918E3C71305AAB10080ED5C /* MQuaternion.h */,
				E918E3C81305AAB10080ED5C /* MVector4.h */,
				E918E3C91305AAB10080ED5C /* MStringTools.h */,
				E918E3CA1305AAB10080ED5C /* MPhysicsContext.h */,
				E918E3CB1305AAB10080ED5C /* MCore.h */,
				E918E3CC1305AAB10080ED5C /* MSound.h */,
				E918E3CD1305AAB10080ED5C /* MSystemContext.h */,
				E918E3CE1305AAB10080ED5C /* MSoundContext.h */,
				E918E3CF1305AAB10080ED5C /* MDataLoader.h */,
				E918E3D01305AAB10080ED5C /* MFileTools.h */,
				E918E3D11305AAB10080ED5C /* MUtils.h */,
				E918E3D21305AAB10080ED5C /* MMatrix4x4.h */,
				E918E3D31305AAB10080ED5C /* MInputContext.h */,
				E918E3D41305AAB10080ED5C /* MDataManager.h */,
				E918E3D51305AAB10080ED5C /* MString.h */,
				E918E3D61305AAB10080ED5C /* MScriptContext.h */,
			);
			name = Includes;
			path = ../../MSDK/MCore/Includes;
			sourceTree = SOURCE_ROOT;
		};
		E918E3D71305AAB10080ED5C /* Sources */ = {
			isa = PBXGroup;
			children = (
				E926632B14C9C87900348B31 /* MStdFile.cpp */,
				E918E3D81305AAB10080ED5C /* MImage.cpp */,
				E918E3D91305AAB10080ED5C /* MDataManager.cpp */,
				E918E3DA1305AAB10080ED5C /* MMatrix4x4.cpp */,
				E918E3DB1305AAB10080ED5C /* MVector2.cpp */,
				E918E3DC1305AAB10080ED5C /* MQuaternion.cpp */,
				E918E3DD1305AAB10080ED5C /* MVector3.cpp */,
				E918E3DE1305AAB10080ED5C /* MString.cpp */,
				E918E3DF1305AAB10080ED5C /* MVector4.cpp */,
				E918E3E01305AAB10080ED5C /* MStringTools.cpp */,
				E918E3E11305AAB10080ED5C /* MSound.cpp */,
				E918E3E21305AAB10080ED5C /* MMaths.cpp */,
				E918E3E31305AAB10080ED5C /* MColor.cpp */,
				E918E3E41305AAB10080ED5C /* MDataLoader.cpp */,
				E918E3E51305AAB10080ED5C /* MFileTools.cpp */,
			);
			name = Sources;
			path = ../../MSDK/MCore/Sources;
			sourceTree = SOURCE_ROOT;
		};
/* End PBXGroup section */

/* Begin PBXHeadersBuildPhase section */
		D2AAC09905546B4700DB518D /* Headers */ = {
			isa = PBXHeadersBuildPhase;
			buildActionMask = 2147483647;
			files = (
				E918E3E61305AAB10080ED5C /* MMaths.h in Headers */,
				E918E3E71305AAB10080ED5C /* MColor.h in Headers */,
				E918E3E81305AAB10080ED5C /* MImage.h in Headers */,
				E918E3EA1305AAB10080ED5C /* MVector2.h in Headers */,
				E918E3EB1305AAB10080ED5C /* MVector3.h in Headers */,
				E918E3EC1305AAB10080ED5C /* MQuaternion.h in Headers */,
				E918E3ED1305AAB10080ED5C /* MVector4.h in Headers */,
				E918E3EE1305AAB10080ED5C /* MStringTools.h in Headers */,
				E918E3EF1305AAB10080ED5C /* MPhysicsContext.h in Headers */,
				E918E3F01305AAB10080ED5C /* MCore.h in Headers */,
				E918E3F11305AAB10080ED5C /* MSound.h in Headers */,
				E918E3F21305AAB10080ED5C /* MSystemContext.h in Headers */,
				E918E3F31305AAB10080ED5C /* MSoundContext.h in Headers */,
				E918E3F41305AAB10080ED5C /* MDataLoader.h in Headers */,
				E918E3F51305AAB10080ED5C /* MFileTools.h in Headers */,
				E918E3F61305AAB10080ED5C /* MUtils.h in Headers */,
				E918E3F71305AAB10080ED5C /* MMatrix4x4.h in Headers */,
				E918E3F81305AAB10080ED5C /* MInputContext.h in Headers */,
				E918E3F91305AAB10080ED5C /* MDataManager.h in Headers */,
				E918E3FA1305AAB10080ED5C /* MString.h in Headers */,
				E918E3FB1305AAB10080ED5C /* MScriptContext.h in Headers */,
				E926627E14C9B12500348B31 /* MFile.h in Headers */,
				E926628114C9B13400348B31 /* MRenderingContext.h in Headers */,
				E926632A14C9C86F00348B31 /* MStdFile.h in Headers */,
			);
			runOnlyForDeploymentPostprocessing = 0;
		};
/* End PBXHeadersBuildPhase section */

/* Begin PBXNativeTarget section */
		D2AAC09C05546B4700DB518D /* MCore */ = {
			isa = PBXNativeTarget;
			buildConfigurationList = 1DEB916008733D950010E9CD /* Build configuration list for PBXNativeTarget "MCore" */;
			buildPhases = (
				D2AAC09905546B4700DB518D /* Headers */,
				D2AAC09B05546B4700DB518D /* Frameworks */,
				D2AAC09A05546B4700DB518D /* Sources */,
			);
			buildRules = (
			);
			dependencies = (
			);
			name = MCore;
			productName = libMCore;
			productReference = D2AAC09D05546B4700DB518D /* MCore.dylib */;
			productType = "com.apple.product-type.library.dynamic";
		};
/* End PBXNativeTarget section */

/* Begin PBXProject section */
		0867D690FE84028FC02AAC07 /* Project object */ = {
			isa = PBXProject;
			buildConfigurationList = 1DEB916408733D950010E9CD /* Build configuration list for PBXProject "MCore" */;
			compatibilityVersion = "Xcode 3.1";
			developmentRegion = English;
			hasScannedForEncodings = 1;
			knownRegions = (
				English,
				Japanese,
				French,
				German,
			);
			mainGroup = 0867D691FE84028FC02AAC07 /* MCore */;
			productRefGroup = 034768DDFF38A45A11DB9C8B /* Products */;
			projectDirPath = "";
			projectRoot = "";
			targets = (
				D2AAC09C05546B4700DB518D /* MCore */,
			);
		};
/* End PBXProject section */

/* Begin PBXSourcesBuildPhase section */
		D2AAC09A05546B4700DB518D /* Sources */ = {
			isa = PBXSourcesBuildPhase;
			buildActionMask = 2147483647;
			files = (
				E918E3FC1305AAB10080ED5C /* MImage.cpp in Sources */,
				E918E3FD1305AAB10080ED5C /* MDataManager.cpp in Sources */,
				E918E3FE1305AAB10080ED5C /* MMatrix4x4.cpp in Sources */,
				E918E3FF1305AAB10080ED5C /* MVector2.cpp in Sources */,
				E918E4001305AAB10080ED5C /* MQuaternion.cpp in Sources */,
				E918E4011305AAB10080ED5C /* MVector3.cpp in Sources */,
				E918E4021305AAB10080ED5C /* MString.cpp in Sources */,
				E918E4031305AAB10080ED5C /* MVector4.cpp in Sources */,
				E918E4041305AAB10080ED5C /* MStringTools.cpp in Sources */,
				E918E4051305AAB10080ED5C /* MSound.cpp in Sources */,
				E918E4061305AAB10080ED5C /* MMaths.cpp in Sources */,
				E918E4071305AAB10080ED5C /* MColor.cpp in Sources */,
				E918E4081305AAB10080ED5C /* MDataLoader.cpp in Sources */,
				E918E4091305AAB10080ED5C /* MFileTools.cpp in Sources */,
				E926632C14C9C87900348B31 /* MStdFile.cpp in Sources */,
			);
			runOnlyForDeploymentPostprocessing = 0;
		};
/* End PBXSourcesBuildPhase section */

/* Begin XCBuildConfiguration section */
		1DEB916108733D950010E9CD /* Debug */ = {
			isa = XCBuildConfiguration;
			buildSettings = {
				ALWAYS_SEARCH_USER_PATHS = NO;
				COPY_PHASE_STRIP = NO;
				GCC_DYNAMIC_NO_PIC = NO;
				GCC_ENABLE_FIX_AND_CONTINUE = YES;
				GCC_MODEL_TUNING = G5;
				GCC_OPTIMIZATION_LEVEL = 0;
				GCC_PRECOMPILE_PREFIX_HEADER = NO;
				GCC_PREPROCESSOR_DEFINITIONS = (
					"_GLIBCXX_DEBUG=1",
					"_GLIBCXX_DEBUG_PEDANTIC=1",
				);
				INSTALL_PATH = "@rpath";
				LD_DYLIB_INSTALL_NAME = "@rpath/MCore.dylib";
				LD_RUNPATH_SEARCH_PATHS = "";
				PRECOMPS_INCLUDE_HEADERS_FROM_BUILT_PRODUCTS_DIR = NO;
			};
			name = Debug;
		};
		1DEB916208733D950010E9CD /* Release */ = {
			isa = XCBuildConfiguration;
			buildSettings = {
				ALWAYS_SEARCH_USER_PATHS = NO;
				DEBUG_INFORMATION_FORMAT = "dwarf-with-dsym";
				GCC_MODEL_TUNING = G5;
				GCC_PRECOMPILE_PREFIX_HEADER = NO;
				INSTALL_PATH = "@rpath";
				LD_DYLIB_INSTALL_NAME = "@rpath/MCore.dylib";
				LD_RUNPATH_SEARCH_PATHS = "";
				STRIP_INSTALLED_PRODUCT = YES;
				STRIP_STYLE = "non-global";
			};
			name = Release;
		};
		1DEB916508733D950010E9CD /* Debug */ = {
			isa = XCBuildConfiguration;
			buildSettings = {
				ARCHS = "$(ARCHS_STANDARD_32_64_BIT)";
				GCC_C_LANGUAGE_STANDARD = gnu99;
				GCC_OPTIMIZATION_LEVEL = 0;
				GCC_WARN_ABOUT_RETURN_TYPE = YES;
				GCC_WARN_UNUSED_VARIABLE = YES;
				INSTALL_PATH = "";
				LD_RUNPATH_SEARCH_PATHS = "";
				ONLY_ACTIVE_ARCH = YES;
				PREBINDING = NO;
				PRODUCT_NAME = MCore;
				SDKROOT = macosx10.6;
			};
			name = Debug;
		};
		1DEB916608733D950010E9CD /* Release */ = {
			isa = XCBuildConfiguration;
			buildSettings = {
				ARCHS = "$(ARCHS_STANDARD_32_64_BIT)";
				GCC_C_LANGUAGE_STANDARD = gnu99;
				GCC_WARN_ABOUT_RETURN_TYPE = YES;
				GCC_WARN_UNUSED_VARIABLE = YES;
				INSTALL_PATH = "";
				LD_RUNPATH_SEARCH_PATHS = "";
				PREBINDING = NO;
				PRODUCT_NAME = MCore;
				SDKROOT = macosx10.6;
			};
			name = Release;
		};
/* End XCBuildConfiguration section */

/* Begin XCConfigurationList section */
		1DEB916008733D950010E9CD /* Build configuration list for PBXNativeTarget "MCore" */ = {
			isa = XCConfigurationList;
			buildConfigurations = (
				1DEB916108733D950010E9CD /* Debug */,
				1DEB916208733D950010E9CD /* Release */,
			);
			defaultConfigurationIsVisible = 0;
			defaultConfigurationName = Release;
		};
		1DEB916408733D950010E9CD /* Build configuration list for PBXProject "MCore" */ = {
			isa = XCConfigurationList;
			buildConfigurations = (
				1DEB916508733D950010E9CD /* Debug */,
				1DEB916608733D950010E9CD /* Release */,
			);
			defaultConfigurationIsVisible = 0;
			defaultConfigurationName = Release;
		};
/* End XCConfigurationList section */
	};
	rootObject = 0867D690FE84028FC02AAC07 /* Project object */;
}
